
Microsoft Visual Studio Solution File, Format Version 12.00
# Visual Studio Version 16
VisualStudioVersion = 16.0.29806.167
MinimumVisualStudioVersion = 10.0.40219.1
Project("{FAE04EC0-301F-11D3-BF4B-00C04F79EFBC}") = "05ListView", "05ListView\05ListView.csproj", "{254A0131-FB1C-47C4-9739-6821EDC8B0BA}"
EndProject
Global
	GlobalSection(SolutionConfigurationPlatforms) = preSolution
		Debug|Any CPU = Debug|Any CPU
		Release|Any CPU = Release|Any CPU
	EndGlobalSection
	GlobalSection(ProjectConfigurationPlatforms) = postSolution
		{254A0131-FB1C-47C4-9739-6821EDC8B0BA}.Debug|Any CPU.ActiveCfg = Debug|Any CPU
		{254A0131-FB1C-47C4-9739-6821EDC8B0BA}.Debug|Any CPU.Build.0 = Debug|Any CPU
		{254A0131-FB1C-47C4-9739-6821EDC8B0BA}.Release|Any CPU.ActiveCfg = Release|Any CPU
		{254A0131-FB1C-47C4-9739-6821EDC8B0BA}.Release|Any CPU.Build.0 = Release|Any CPU
	EndGlobalSection
	GlobalSection(SolutionProperties) = preSolution
		HideSolutionNode = FALSE
	EndGlobalSection
	GlobalSection(ExtensibilityGlobals) = postSolution
		SolutionGuid = {9B4F37B2-1966-45C3-AD9C-9E119CA322F5}
	EndGlobalSection
EndGlobal
