
Microsoft Visual Studio Solution File, Format Version 12.00
# Visual Studio Version 16
VisualStudioVersion = 16.0.29806.167
MinimumVisualStudioVersion = 10.0.40219.1
Project("{FAE04EC0-301F-11D3-BF4B-00C04F79EFBC}") = "03RadioButton y CheckBox", "03RadioButton y CheckBox\03RadioButton y CheckBox.csproj", "{FD9DEF92-D86C-4C28-BF52-10A5D33033E7}"
EndProject
Global
	GlobalSection(SolutionConfigurationPlatforms) = preSolution
		Debug|Any CPU = Debug|Any CPU
		Release|Any CPU = Release|Any CPU
	EndGlobalSection
	GlobalSection(ProjectConfigurationPlatforms) = postSolution
		{FD9DEF92-D86C-4C28-BF52-10A5D33033E7}.Debug|Any CPU.ActiveCfg = Debug|Any CPU
		{FD9DEF92-D86C-4C28-BF52-10A5D33033E7}.Debug|Any CPU.Build.0 = Debug|Any CPU
		{FD9DEF92-D86C-4C28-BF52-10A5D33033E7}.Release|Any CPU.ActiveCfg = Release|Any CPU
		{FD9DEF92-D86C-4C28-BF52-10A5D33033E7}.Release|Any CPU.Build.0 = Release|Any CPU
	EndGlobalSection
	GlobalSection(SolutionProperties) = preSolution
		HideSolutionNode = FALSE
	EndGlobalSection
	GlobalSection(ExtensibilityGlobals) = postSolution
		SolutionGuid = {D0FAE4A5-5339-4EAA-A220-3A2E8B6A68C0}
	EndGlobalSection
EndGlobal
