
Microsoft Visual Studio Solution File, Format Version 12.00
# Visual Studio Version 16
VisualStudioVersion = 16.0.30503.244
MinimumVisualStudioVersion = 10.0.40219.1
Project("{FAE04EC0-301F-11D3-BF4B-00C04F79EFBC}") = "Clase05 - ListView", "Clase05 - ListView.csproj", "{3F0F1AD4-EF1A-4CDE-A748-54CB731BDCF3}"
EndProject
Global
	GlobalSection(SolutionConfigurationPlatforms) = preSolution
		Debug|Any CPU = Debug|Any CPU
		Release|Any CPU = Release|Any CPU
	EndGlobalSection
	GlobalSection(ProjectConfigurationPlatforms) = postSolution
		{3F0F1AD4-EF1A-4CDE-A748-54CB731BDCF3}.Debug|Any CPU.ActiveCfg = Debug|Any CPU
		{3F0F1AD4-EF1A-4CDE-A748-54CB731BDCF3}.Debug|Any CPU.Build.0 = Debug|Any CPU
		{3F0F1AD4-EF1A-4CDE-A748-54CB731BDCF3}.Release|Any CPU.ActiveCfg = Release|Any CPU
		{3F0F1AD4-EF1A-4CDE-A748-54CB731BDCF3}.Release|Any CPU.Build.0 = Release|Any CPU
	EndGlobalSection
	GlobalSection(SolutionProperties) = preSolution
		HideSolutionNode = FALSE
	EndGlobalSection
	GlobalSection(ExtensibilityGlobals) = postSolution
		SolutionGuid = {65CFAA60-1B34-4842-B36A-556C2CE22EFB}
	EndGlobalSection
EndGlobal
