
Microsoft Visual Studio Solution File, Format Version 12.00
# Visual Studio Version 16
VisualStudioVersion = 16.0.30503.244
MinimumVisualStudioVersion = 10.0.40219.1
Project("{FAE04EC0-301F-11D3-BF4B-00C04F79EFBC}") = "Clase04 - Listas", "Clase04 - Listas.csproj", "{540CAB15-9430-4302-B961-ED827BFEEACB}"
EndProject
Global
	GlobalSection(SolutionConfigurationPlatforms) = preSolution
		Debug|Any CPU = Debug|Any CPU
		Release|Any CPU = Release|Any CPU
	EndGlobalSection
	GlobalSection(ProjectConfigurationPlatforms) = postSolution
		{540CAB15-9430-4302-B961-ED827BFEEACB}.Debug|Any CPU.ActiveCfg = Debug|Any CPU
		{540CAB15-9430-4302-B961-ED827BFEEACB}.Debug|Any CPU.Build.0 = Debug|Any CPU
		{540CAB15-9430-4302-B961-ED827BFEEACB}.Release|Any CPU.ActiveCfg = Release|Any CPU
		{540CAB15-9430-4302-B961-ED827BFEEACB}.Release|Any CPU.Build.0 = Release|Any CPU
	EndGlobalSection
	GlobalSection(SolutionProperties) = preSolution
		HideSolutionNode = FALSE
	EndGlobalSection
	GlobalSection(ExtensibilityGlobals) = postSolution
		SolutionGuid = {D241DFA3-B8D5-4EF3-929F-053C7B3AF2AB}
	EndGlobalSection
EndGlobal
