
Microsoft Visual Studio Solution File, Format Version 12.00
# Visual Studio Version 16
VisualStudioVersion = 16.0.29806.167
MinimumVisualStudioVersion = 10.0.40219.1
Project("{FAE04EC0-301F-11D3-BF4B-00C04F79EFBC}") = "06CheckListBox", "06CheckListBox\06CheckListBox.csproj", "{FBF8DBF2-899F-47B3-8AD7-D0CA93B5EA3A}"
EndProject
Global
	GlobalSection(SolutionConfigurationPlatforms) = preSolution
		Debug|Any CPU = Debug|Any CPU
		Release|Any CPU = Release|Any CPU
	EndGlobalSection
	GlobalSection(ProjectConfigurationPlatforms) = postSolution
		{FBF8DBF2-899F-47B3-8AD7-D0CA93B5EA3A}.Debug|Any CPU.ActiveCfg = Debug|Any CPU
		{FBF8DBF2-899F-47B3-8AD7-D0CA93B5EA3A}.Debug|Any CPU.Build.0 = Debug|Any CPU
		{FBF8DBF2-899F-47B3-8AD7-D0CA93B5EA3A}.Release|Any CPU.ActiveCfg = Release|Any CPU
		{FBF8DBF2-899F-47B3-8AD7-D0CA93B5EA3A}.Release|Any CPU.Build.0 = Release|Any CPU
	EndGlobalSection
	GlobalSection(SolutionProperties) = preSolution
		HideSolutionNode = FALSE
	EndGlobalSection
	GlobalSection(ExtensibilityGlobals) = postSolution
		SolutionGuid = {A887C14D-7720-4559-8F3C-C3F699B3314F}
	EndGlobalSection
EndGlobal
