
Microsoft Visual Studio Solution File, Format Version 12.00
# Visual Studio Version 16
VisualStudioVersion = 16.0.29806.167
MinimumVisualStudioVersion = 10.0.40219.1
Project("{FAE04EC0-301F-11D3-BF4B-00C04F79EFBC}") = "06cuasros de Dialogo", "06cuasros de Dialogo\06cuasros de Dialogo.csproj", "{B4F450C3-5B08-4FFC-88EC-FED49D850E70}"
EndProject
Global
	GlobalSection(SolutionConfigurationPlatforms) = preSolution
		Debug|Any CPU = Debug|Any CPU
		Release|Any CPU = Release|Any CPU
	EndGlobalSection
	GlobalSection(ProjectConfigurationPlatforms) = postSolution
		{B4F450C3-5B08-4FFC-88EC-FED49D850E70}.Debug|Any CPU.ActiveCfg = Debug|Any CPU
		{B4F450C3-5B08-4FFC-88EC-FED49D850E70}.Debug|Any CPU.Build.0 = Debug|Any CPU
		{B4F450C3-5B08-4FFC-88EC-FED49D850E70}.Release|Any CPU.ActiveCfg = Release|Any CPU
		{B4F450C3-5B08-4FFC-88EC-FED49D850E70}.Release|Any CPU.Build.0 = Release|Any CPU
	EndGlobalSection
	GlobalSection(SolutionProperties) = preSolution
		HideSolutionNode = FALSE
	EndGlobalSection
	GlobalSection(ExtensibilityGlobals) = postSolution
		SolutionGuid = {6D96CB9B-5791-4FC1-A90A-14703D26AA45}
	EndGlobalSection
EndGlobal
