
Microsoft Visual Studio Solution File, Format Version 12.00
# Visual Studio Version 16
VisualStudioVersion = 16.0.29806.167
MinimumVisualStudioVersion = 10.0.40219.1
Project("{FAE04EC0-301F-11D3-BF4B-00C04F79EFBC}") = "01Ventanas Emergentes", "01Ventanas Emergentes\01Ventanas Emergentes.csproj", "{DAD9B4D1-8AFC-45E6-B3D8-F0AED6694468}"
EndProject
Global
	GlobalSection(SolutionConfigurationPlatforms) = preSolution
		Debug|Any CPU = Debug|Any CPU
		Release|Any CPU = Release|Any CPU
	EndGlobalSection
	GlobalSection(ProjectConfigurationPlatforms) = postSolution
		{DAD9B4D1-8AFC-45E6-B3D8-F0AED6694468}.Debug|Any CPU.ActiveCfg = Debug|Any CPU
		{DAD9B4D1-8AFC-45E6-B3D8-F0AED6694468}.Debug|Any CPU.Build.0 = Debug|Any CPU
		{DAD9B4D1-8AFC-45E6-B3D8-F0AED6694468}.Release|Any CPU.ActiveCfg = Release|Any CPU
		{DAD9B4D1-8AFC-45E6-B3D8-F0AED6694468}.Release|Any CPU.Build.0 = Release|Any CPU
	EndGlobalSection
	GlobalSection(SolutionProperties) = preSolution
		HideSolutionNode = FALSE
	EndGlobalSection
	GlobalSection(ExtensibilityGlobals) = postSolution
		SolutionGuid = {4CFD17A2-43F3-46E2-BA35-72612522D602}
	EndGlobalSection
EndGlobal
